// !$*UTF8*$!
{
	archiveVersion = 1;
	classes = {
	};
	objectVersion = 56;
	objects = {

/* Begin PBXBuildFile section */
		AA7514C32992EF4E000971BB /* LocalCollection.swift in Sources */ = {isa = PBXBuildFile; fileRef = AA7514C22992EF4E000971BB /* LocalCollection.swift */; };
		AA7514C52992F001000971BB /* GoogleService-Info.plist in Resources */ = {isa = PBXBuildFile; fileRef = AA7514C42992F001000971BB /* GoogleService-Info.plist */; };
		AA7514EC29984E4C000971BB /* Quiz.swift in Sources */ = {isa = PBXBuildFile; fileRef = AA7514EB29984E4C000971BB /* Quiz.swift */; };
		AA7514EE299853EF000971BB /* .gitignore in Resources */ = {isa = PBXBuildFile; fileRef = AA7514ED299853EF000971BB /* .gitignore */; };
		AA75151729997766000971BB /* Restaurant.swift in Sources */ = {isa = PBXBuildFile; fileRef = AA75151629997766000971BB /* Restaurant.swift */; };
		AACE580529884F91002A2C5C /* AppDelegate.swift in Sources */ = {isa = PBXBuildFile; fileRef = AACE580429884F91002A2C5C /* AppDelegate.swift */; };
		AACE580729884F91002A2C5C /* SceneDelegate.swift in Sources */ = {isa = PBXBuildFile; fileRef = AACE580629884F91002A2C5C /* SceneDelegate.swift */; };
		AACE580929884F91002A2C5C /* ViewController.swift in Sources */ = {isa = PBXBuildFile; fileRef = AACE580829884F91002A2C5C /* ViewController.swift */; };
		AACE580C29884F91002A2C5C /* Main.storyboard in Resources */ = {isa = PBXBuildFile; fileRef = AACE580A29884F91002A2C5C /* Main.storyboard */; };
		AACE580E29884F93002A2C5C /* Assets.xcassets in Resources */ = {isa = PBXBuildFile; fileRef = AACE580D29884F93002A2C5C /* Assets.xcassets */; };
		AACE581129884F93002A2C5C /* LaunchScreen.storyboard in Resources */ = {isa = PBXBuildFile; fileRef = AACE580F29884F93002A2C5C /* LaunchScreen.storyboard */; };
		AACE581C2988553C002A2C5C /* us-state-capitals.json in Resources */ = {isa = PBXBuildFile; fileRef = AACE581B2988553C002A2C5C /* us-state-capitals.json */; };
		AACE581E29887F02002A2C5C /* State.swift in Sources */ = {isa = PBXBuildFile; fileRef = AACE581D29887F02002A2C5C /* State.swift */; };
		AACE58202988944C002A2C5C /* Example.swift in Sources */ = {isa = PBXBuildFile; fileRef = AACE581F2988944C002A2C5C /* Example.swift */; };
		AACE582329895537002A2C5C /* FirebaseAuth in Frameworks */ = {isa = PBXBuildFile; productRef = AACE582229895537002A2C5C /* FirebaseAuth */; };
		AACE582529895537002A2C5C /* FirebaseFirestore in Frameworks */ = {isa = PBXBuildFile; productRef = AACE582429895537002A2C5C /* FirebaseFirestore */; };
		AACE582729895537002A2C5C /* FirebaseFirestoreSwift in Frameworks */ = {isa = PBXBuildFile; productRef = AACE582629895537002A2C5C /* FirebaseFirestoreSwift */; };
/* End PBXBuildFile section */

/* Begin PBXFileReference section */
		AA7514C22992EF4E000971BB /* LocalCollection.swift */ = {isa = PBXFileReference; lastKnownFileType = sourcecode.swift; path = LocalCollection.swift; sourceTree = "<group>"; };
		AA7514C42992F001000971BB /* GoogleService-Info.plist */ = {isa = PBXFileReference; fileEncoding = 4; lastKnownFileType = text.plist.xml; path = "GoogleService-Info.plist"; sourceTree = "<group>"; };
		AA7514EB29984E4C000971BB /* Quiz.swift */ = {isa = PBXFileReference; lastKnownFileType = sourcecode.swift; path = Quiz.swift; sourceTree = "<group>"; };
		AA7514ED299853EF000971BB /* .gitignore */ = {isa = PBXFileReference; lastKnownFileType = text; path = .gitignore; sourceTree = "<group>"; };
		AA75151629997766000971BB /* Restaurant.swift */ = {isa = PBXFileReference; lastKnownFileType = sourcecode.swift; path = Restaurant.swift; sourceTree = "<group>"; };
		AACE580129884F91002A2C5C /* Proto File RW plus Firestore.app */ = {isa = PBXFileReference; explicitFileType = wrapper.application; includeInIndex = 0; path = "Proto File RW plus Firestore.app"; sourceTree = BUILT_PRODUCTS_DIR; };
		AACE580429884F91002A2C5C /* AppDelegate.swift */ = {isa = PBXFileReference; lastKnownFileType = sourcecode.swift; path = AppDelegate.swift; sourceTree = "<group>"; };
		AACE580629884F91002A2C5C /* SceneDelegate.swift */ = {isa = PBXFileReference; lastKnownFileType = sourcecode.swift; path = SceneDelegate.swift; sourceTree = "<group>"; };
		AACE580829884F91002A2C5C /* ViewController.swift */ = {isa = PBXFileReference; lastKnownFileType = sourcecode.swift; path = ViewController.swift; sourceTree = "<group>"; };
		AACE580B29884F91002A2C5C /* Base */ = {isa = PBXFileReference; lastKnownFileType = file.storyboard; name = Base; path = Base.lproj/Main.storyboard; sourceTree = "<group>"; };
		AACE580D29884F93002A2C5C /* Assets.xcassets */ = {isa = PBXFileReference; lastKnownFileType = folder.assetcatalog; path = Assets.xcassets; sourceTree = "<group>"; };
		AACE581029884F93002A2C5C /* Base */ = {isa = PBXFileReference; lastKnownFileType = file.storyboard; name = Base; path = Base.lproj/LaunchScreen.storyboard; sourceTree = "<group>"; };
		AACE581229884F93002A2C5C /* Info.plist */ = {isa = PBXFileReference; lastKnownFileType = text.plist.xml; path = Info.plist; sourceTree = "<group>"; };
		AACE581B2988553C002A2C5C /* us-state-capitals.json */ = {isa = PBXFileReference; lastKnownFileType = text.json; path = "us-state-capitals.json"; sourceTree = "<group>"; };
		AACE581D29887F02002A2C5C /* State.swift */ = {isa = PBXFileReference; lastKnownFileType = sourcecode.swift; path = State.swift; sourceTree = "<group>"; };
		AACE581F2988944C002A2C5C /* Example.swift */ = {isa = PBXFileReference; lastKnownFileType = sourcecode.swift; path = Example.swift; sourceTree = "<group>"; };
/* End PBXFileReference section */

/* Begin PBXFrameworksBuildPhase section */
		AACE57FE29884F91002A2C5C /* Frameworks */ = {
			isa = PBXFrameworksBuildPhase;
			buildActionMask = 2147483647;
			files = (
				AACE582329895537002A2C5C /* FirebaseAuth in Frameworks */,
				AACE582529895537002A2C5C /* FirebaseFirestore in Frameworks */,
				AACE582729895537002A2C5C /* FirebaseFirestoreSwift in Frameworks */,
			);
			runOnlyForDeploymentPostprocessing = 0;
		};
/* End PBXFrameworksBuildPhase section */

/* Begin PBXGroup section */
		AACE57F829884F91002A2C5C = {
			isa = PBXGroup;
			children = (
				AACE580329884F91002A2C5C /* Proto File RW plus Firestore */,
				AACE580229884F91002A2C5C /* Products */,
			);
			sourceTree = "<group>";
		};
		AACE580229884F91002A2C5C /* Products */ = {
			isa = PBXGroup;
			children = (
				AACE580129884F91002A2C5C /* Proto File RW plus Firestore.app */,
			);
			name = Products;
			sourceTree = "<group>";
		};
		AACE580329884F91002A2C5C /* Proto File RW plus Firestore */ = {
			isa = PBXGroup;
			children = (
				AACE580429884F91002A2C5C /* AppDelegate.swift */,
				AACE580629884F91002A2C5C /* SceneDelegate.swift */,
				AACE581A2988518D002A2C5C /* Model */,
				AACE58192988502B002A2C5C /* Controller */,
				AACE581829885020002A2C5C /* View */,
				AACE580D29884F93002A2C5C /* Assets.xcassets */,
				AACE580F29884F93002A2C5C /* LaunchScreen.storyboard */,
				AACE581229884F93002A2C5C /* Info.plist */,
				AA7514C42992F001000971BB /* GoogleService-Info.plist */,
				AA7514ED299853EF000971BB /* .gitignore */,
			);
			path = "Proto File RW plus Firestore";
			sourceTree = "<group>";
		};
		AACE581829885020002A2C5C /* View */ = {
			isa = PBXGroup;
			children = (
				AACE580A29884F91002A2C5C /* Main.storyboard */,
			);
			path = View;
			sourceTree = "<group>";
		};
		AACE58192988502B002A2C5C /* Controller */ = {
			isa = PBXGroup;
			children = (
				AACE580829884F91002A2C5C /* ViewController.swift */,
			);
			path = Controller;
			sourceTree = "<group>";
		};
		AACE581A2988518D002A2C5C /* Model */ = {
			isa = PBXGroup;
			children = (
				AACE581B2988553C002A2C5C /* us-state-capitals.json */,
				AACE581D29887F02002A2C5C /* State.swift */,
				AACE581F2988944C002A2C5C /* Example.swift */,
				AA7514C22992EF4E000971BB /* LocalCollection.swift */,
				AA7514EB29984E4C000971BB /* Quiz.swift */,
				AA75151629997766000971BB /* Restaurant.swift */,
			);
			name = Model;
			sourceTree = "<group>";
		};
/* End PBXGroup section */

/* Begin PBXNativeTarget section */
		AACE580029884F91002A2C5C /* Proto File RW plus Firestore */ = {
			isa = PBXNativeTarget;
			buildConfigurationList = AACE581529884F93002A2C5C /* Build configuration list for PBXNativeTarget "Proto File RW plus Firestore" */;
			buildPhases = (
				AACE57FD29884F91002A2C5C /* Sources */,
				AACE57FE29884F91002A2C5C /* Frameworks */,
				AACE57FF29884F91002A2C5C /* Resources */,
			);
			buildRules = (
			);
			dependencies = (
			);
			name = "Proto File RW plus Firestore";
			packageProductDependencies = (
				AACE582229895537002A2C5C /* FirebaseAuth */,
				AACE582429895537002A2C5C /* FirebaseFirestore */,
				AACE582629895537002A2C5C /* FirebaseFirestoreSwift */,
			);
			productName = "Proto File RW plus Firestore";
			productReference = AACE580129884F91002A2C5C /* Proto File RW plus Firestore.app */;
			productType = "com.apple.product-type.application";
		};
/* End PBXNativeTarget section */

/* Begin PBXProject section */
		AACE57F929884F91002A2C5C /* Project object */ = {
			isa = PBXProject;
			attributes = {
				BuildIndependentTargetsInParallel = 1;
				LastSwiftUpdateCheck = 1420;
				LastUpgradeCheck = 1420;
				TargetAttributes = {
					AACE580029884F91002A2C5C = {
						CreatedOnToolsVersion = 14.2;
					};
				};
			};
			buildConfigurationList = AACE57FC29884F91002A2C5C /* Build configuration list for PBXProject "Proto File RW plus Firestore" */;
			compatibilityVersion = "Xcode 14.0";
			developmentRegion = en;
			hasScannedForEncodings = 0;
			knownRegions = (
				en,
				Base,
			);
			mainGroup = AACE57F829884F91002A2C5C;
			packageReferences = (
				AACE582129895537002A2C5C /* XCRemoteSwiftPackageReference "firebase-ios-sdk" */,
			);
			productRefGroup = AACE580229884F91002A2C5C /* Products */;
			projectDirPath = "";
			projectRoot = "";
			targets = (
				AACE580029884F91002A2C5C /* Proto File RW plus Firestore */,
			);
		};
/* End PBXProject section */

/* Begin PBXResourcesBuildPhase section */
		AACE57FF29884F91002A2C5C /* Resources */ = {
			isa = PBXResourcesBuildPhase;
			buildActionMask = 2147483647;
			files = (
				AACE581129884F93002A2C5C /* LaunchScreen.storyboard in Resources */,
				AACE580E29884F93002A2C5C /* Assets.xcassets in Resources */,
				AA7514C52992F001000971BB /* GoogleService-Info.plist in Resources */,
				AACE581C2988553C002A2C5C /* us-state-capitals.json in Resources */,
				AA7514EE299853EF000971BB /* .gitignore in Resources */,
				AACE580C29884F91002A2C5C /* Main.storyboard in Resources */,
			);
			runOnlyForDeploymentPostprocessing = 0;
		};
/* End PBXResourcesBuildPhase section */

/* Begin PBXSourcesBuildPhase section */
		AACE57FD29884F91002A2C5C /* Sources */ = {
			isa = PBXSourcesBuildPhase;
			buildActionMask = 2147483647;
			files = (
				AACE580929884F91002A2C5C /* ViewController.swift in Sources */,
				AA7514C32992EF4E000971BB /* LocalCollection.swift in Sources */,
				AA7514EC29984E4C000971BB /* Quiz.swift in Sources */,
				AACE580529884F91002A2C5C /* AppDelegate.swift in Sources */,
				AA75151729997766000971BB /* Restaurant.swift in Sources */,
				AACE581E29887F02002A2C5C /* State.swift in Sources */,
				AACE580729884F91002A2C5C /* SceneDelegate.swift in Sources */,
				AACE58202988944C002A2C5C /* Example.swift in Sources */,
			);
			runOnlyForDeploymentPostprocessing = 0;
		};
/* End PBXSourcesBuildPhase section */

/* Begin PBXVariantGroup section */
		AACE580A29884F91002A2C5C /* Main.storyboard */ = {
			isa = PBXVariantGroup;
			children = (
				AACE580B29884F91002A2C5C /* Base */,
			);
			name = Main.storyboard;
			sourceTree = "<group>";
		};
		AACE580F29884F93002A2C5C /* LaunchScreen.storyboard */ = {
			isa = PBXVariantGroup;
			children = (
				AACE581029884F93002A2C5C /* Base */,
			);
			name = LaunchScreen.storyboard;
			sourceTree = "<group>";
		};
/* End PBXVariantGroup section */

/* Begin XCBuildConfiguration section */
		AACE581329884F93002A2C5C /* Debug */ = {
			isa = XCBuildConfiguration;
			buildSettings = {
				ALWAYS_SEARCH_USER_PATHS = NO;
				CLANG_ANALYZER_NONNULL = YES;
				CLANG_ANALYZER_NUMBER_OBJECT_CONVERSION = YES_AGGRESSIVE;
				CLANG_CXX_LANGUAGE_STANDARD = "gnu++20";
				CLANG_ENABLE_MODULES = YES;
				CLANG_ENABLE_OBJC_ARC = YES;
				CLANG_ENABLE_OBJC_WEAK = YES;
				CLANG_WARN_BLOCK_CAPTURE_AUTORELEASING = YES;
				CLANG_WARN_BOOL_CONVERSION = YES;
				CLANG_WARN_COMMA = YES;
				CLANG_WARN_CONSTANT_CONVERSION = YES;
				CLANG_WARN_DEPRECATED_OBJC_IMPLEMENTATIONS = YES;
				CLANG_WARN_DIRECT_OBJC_ISA_USAGE = YES_ERROR;
				CLANG_WARN_DOCUMENTATION_COMMENTS = YES;
				CLANG_WARN_EMPTY_BODY = YES;
				CLANG_WARN_ENUM_CONVERSION = YES;
				CLANG_WARN_INFINITE_RECURSION = YES;
				CLANG_WARN_INT_CONVERSION = YES;
				CLANG_WARN_NON_LITERAL_NULL_CONVERSION = YES;
				CLANG_WARN_OBJC_IMPLICIT_RETAIN_SELF = YES;
				CLANG_WARN_OBJC_LITERAL_CONVERSION = YES;
				CLANG_WARN_OBJC_ROOT_CLASS = YES_ERROR;
				CLANG_WARN_QUOTED_INCLUDE_IN_FRAMEWORK_HEADER = YES;
				CLANG_WARN_RANGE_LOOP_ANALYSIS = YES;
				CLANG_WARN_STRICT_PROTOTYPES = YES;
				CLANG_WARN_SUSPICIOUS_MOVE = YES;
				CLANG_WARN_UNGUARDED_AVAILABILITY = YES_AGGRESSIVE;
				CLANG_WARN_UNREACHABLE_CODE = YES;
				CLANG_WARN__DUPLICATE_METHOD_MATCH = YES;
				COPY_PHASE_STRIP = NO;
				DEBUG_INFORMATION_FORMAT = dwarf;
				ENABLE_STRICT_OBJC_MSGSEND = YES;
				ENABLE_TESTABILITY = YES;
				GCC_C_LANGUAGE_STANDARD = gnu11;
				GCC_DYNAMIC_NO_PIC = NO;
				GCC_NO_COMMON_BLOCKS = YES;
				GCC_OPTIMIZATION_LEVEL = 0;
				GCC_PREPROCESSOR_DEFINITIONS = (
					"DEBUG=1",
					"$(inherited)",
				);
				GCC_WARN_64_TO_32_BIT_CONVERSION = YES;
				GCC_WARN_ABOUT_RETURN_TYPE = YES_ERROR;
				GCC_WARN_UNDECLARED_SELECTOR = YES;
				GCC_WARN_UNINITIALIZED_AUTOS = YES_AGGRESSIVE;
				GCC_WARN_UNUSED_FUNCTION = YES;
				GCC_WARN_UNUSED_VARIABLE = YES;
				IPHONEOS_DEPLOYMENT_TARGET = 16.2;
				MTL_ENABLE_DEBUG_INFO = INCLUDE_SOURCE;
				MTL_FAST_MATH = YES;
				ONLY_ACTIVE_ARCH = YES;
				SDKROOT = iphoneos;
				SWIFT_ACTIVE_COMPILATION_CONDITIONS = DEBUG;
				SWIFT_OPTIMIZATION_LEVEL = "-Onone";
			};
			name = Debug;
		};
		AACE581429884F93002A2C5C /* Release */ = {
			isa = XCBuildConfiguration;
			buildSettings = {
				ALWAYS_SEARCH_USER_PATHS = NO;
				CLANG_ANALYZER_NONNULL = YES;
				CLANG_ANALYZER_NUMBER_OBJECT_CONVERSION = YES_AGGRESSIVE;
				CLANG_CXX_LANGUAGE_STANDARD = "gnu++20";
				CLANG_ENABLE_MODULES = YES;
				CLANG_ENABLE_OBJC_ARC = YES;
				CLANG_ENABLE_OBJC_WEAK = YES;
				CLANG_WARN_BLOCK_CAPTURE_AUTORELEASING = YES;
				CLANG_WARN_BOOL_CONVERSION = YES;
				CLANG_WARN_COMMA = YES;
				CLANG_WARN_CONSTANT_CONVERSION = YES;
				CLANG_WARN_DEPRECATED_OBJC_IMPLEMENTATIONS = YES;
				CLANG_WARN_DIRECT_OBJC_ISA_USAGE = YES_ERROR;
				CLANG_WARN_DOCUMENTATION_COMMENTS = YES;
				CLANG_WARN_EMPTY_BODY = YES;
				CLANG_WARN_ENUM_CONVERSION = YES;
				CLANG_WARN_INFINITE_RECURSION = YES;
				CLANG_WARN_INT_CONVERSION = YES;
				CLANG_WARN_NON_LITERAL_NULL_CONVERSION = YES;
				CLANG_WARN_OBJC_IMPLICIT_RETAIN_SELF = YES;
				CLANG_WARN_OBJC_LITERAL_CONVERSION = YES;
				CLANG_WARN_OBJC_ROOT_CLASS = YES_ERROR;
				CLANG_WARN_QUOTED_INCLUDE_IN_FRAMEWORK_HEADER = YES;
				CLANG_WARN_RANGE_LOOP_ANALYSIS = YES;
				CLANG_WARN_STRICT_PROTOTYPES = YES;
				CLANG_WARN_SUSPICIOUS_MOVE = YES;
				CLANG_WARN_UNGUARDED_AVAILABILITY = YES_AGGRESSIVE;
				CLANG_WARN_UNREACHABLE_CODE = YES;
				CLANG_WARN__DUPLICATE_METHOD_MATCH = YES;
				COPY_PHASE_STRIP = NO;
				DEBUG_INFORMATION_FORMAT = "dwarf-with-dsym";
				ENABLE_NS_ASSERTIONS = NO;
				ENABLE_STRICT_OBJC_MSGSEND = YES;
				GCC_C_LANGUAGE_STANDARD = gnu11;
				GCC_NO_COMMON_BLOCKS = YES;
				GCC_WARN_64_TO_32_BIT_CONVERSION = YES;
				GCC_WARN_ABOUT_RETURN_TYPE = YES_ERROR;
				GCC_WARN_UNDECLARED_SELECTOR = YES;
				GCC_WARN_UNINITIALIZED_AUTOS = YES_AGGRESSIVE;
				GCC_WARN_UNUSED_FUNCTION = YES;
				GCC_WARN_UNUSED_VARIABLE = YES;
				IPHONEOS_DEPLOYMENT_TARGET = 16.2;
				MTL_ENABLE_DEBUG_INFO = NO;
				MTL_FAST_MATH = YES;
				SDKROOT = iphoneos;
				SWIFT_COMPILATION_MODE = wholemodule;
				SWIFT_OPTIMIZATION_LEVEL = "-O";
				VALIDATE_PRODUCT = YES;
			};
			name = Release;
		};
		AACE581629884F93002A2C5C /* Debug */ = {
			isa = XCBuildConfiguration;
			buildSettings = {
				ASSETCATALOG_COMPILER_APPICON_NAME = AppIcon;
				ASSETCATALOG_COMPILER_GLOBAL_ACCENT_COLOR_NAME = AccentColor;
				CODE_SIGN_STYLE = Automatic;
				CURRENT_PROJECT_VERSION = 1;
				GENERATE_INFOPLIST_FILE = YES;
				INFOPLIST_FILE = "Proto File RW plus Firestore/Info.plist";
				INFOPLIST_KEY_UIApplicationSupportsIndirectInputEvents = YES;
				INFOPLIST_KEY_UILaunchStoryboardName = LaunchScreen.storyboard;
				INFOPLIST_KEY_UIMainStoryboardFile = Main;
				INFOPLIST_KEY_UISupportedInterfaceOrientations_iPad = "UIInterfaceOrientationPortrait UIInterfaceOrientationPortraitUpsideDown UIInterfaceOrientationLandscapeLeft UIInterfaceOrientationLandscapeRight";
				INFOPLIST_KEY_UISupportedInterfaceOrientations_iPhone = "UIInterfaceOrientationPortrait UIInterfaceOrientationLandscapeLeft UIInterfaceOrientationLandscapeRight";
				LD_RUNPATH_SEARCH_PATHS = (
					"$(inherited)",
					"@executable_path/Frameworks",
				);
				MARKETING_VERSION = 1.0;
				PRODUCT_BUNDLE_IDENTIFIER = "com.sankris.Proto-File-RW-plus-Firestore";
				PRODUCT_NAME = "$(TARGET_NAME)";
				SWIFT_EMIT_LOC_STRINGS = YES;
				SWIFT_VERSION = 5.0;
				TARGETED_DEVICE_FAMILY = "1,2";
			};
			name = Debug;
		};
		AACE581729884F93002A2C5C /* Release */ = {
			isa = XCBuildConfiguration;
			buildSettings = {
				ASSETCATALOG_COMPILER_APPICON_NAME = AppIcon;
				ASSETCATALOG_COMPILER_GLOBAL_ACCENT_COLOR_NAME = AccentColor;
				CODE_SIGN_STYLE = Automatic;
				CURRENT_PROJECT_VERSION = 1;
				GENERATE_INFOPLIST_FILE = YES;
				INFOPLIST_FILE = "Proto File RW plus Firestore/Info.plist";
				INFOPLIST_KEY_UIApplicationSupportsIndirectInputEvents = YES;
				INFOPLIST_KEY_UILaunchStoryboardName = LaunchScreen.storyboard;
				INFOPLIST_KEY_UIMainStoryboardFile = Main;
				INFOPLIST_KEY_UISupportedInterfaceOrientations_iPad = "UIInterfaceOrientationPortrait UIInterfaceOrientationPortraitUpsideDown UIInterfaceOrientationLandscapeLeft UIInterfaceOrientationLandscapeRight";
				INFOPLIST_KEY_UISupportedInterfaceOrientations_iPhone = "UIInterfaceOrientationPortrait UIInterfaceOrientationLandscapeLeft UIInterfaceOrientationLandscapeRight";
				LD_RUNPATH_SEARCH_PATHS = (
					"$(inherited)",
					"@executable_path/Frameworks",
				);
				MARKETING_VERSION = 1.0;
				PRODUCT_BUNDLE_IDENTIFIER = "com.sankris.Proto-File-RW-plus-Firestore";
				PRODUCT_NAME = "$(TARGET_NAME)";
				SWIFT_EMIT_LOC_STRINGS = YES;
				SWIFT_VERSION = 5.0;
				TARGETED_DEVICE_FAMILY = "1,2";
			};
			name = Release;
		};
/* End XCBuildConfiguration section */

/* Begin XCConfigurationList section */
		AACE57FC29884F91002A2C5C /* Build configuration list for PBXProject "Proto File RW plus Firestore" */ = {
			isa = XCConfigurationList;
			buildConfigurations = (
				AACE581329884F93002A2C5C /* Debug */,
				AACE581429884F93002A2C5C /* Release */,
			);
			defaultConfigurationIsVisible = 0;
			defaultConfigurationName = Release;
		};
		AACE581529884F93002A2C5C /* Build configuration list for PBXNativeTarget "Proto File RW plus Firestore" */ = {
			isa = XCConfigurationList;
			buildConfigurations = (
				AACE581629884F93002A2C5C /* Debug */,
				AACE581729884F93002A2C5C /* Release */,
			);
			defaultConfigurationIsVisible = 0;
			defaultConfigurationName = Release;
		};
/* End XCConfigurationList section */

/* Begin XCRemoteSwiftPackageReference section */
		AACE582129895537002A2C5C /* XCRemoteSwiftPackageReference "firebase-ios-sdk" */ = {
			isa = XCRemoteSwiftPackageReference;
			repositoryURL = "https://github.com/firebase/firebase-ios-sdk";
			requirement = {
				kind = upToNextMajorVersion;
				minimumVersion = 10.4.0;
			};
		};
/* End XCRemoteSwiftPackageReference section */

/* Begin XCSwiftPackageProductDependency section */
		AACE582229895537002A2C5C /* FirebaseAuth */ = {
			isa = XCSwiftPackageProductDependency;
			package = AACE582129895537002A2C5C /* XCRemoteSwiftPackageReference "firebase-ios-sdk" */;
			productName = FirebaseAuth;
		};
		AACE582429895537002A2C5C /* FirebaseFirestore */ = {
			isa = XCSwiftPackageProductDependency;
			package = AACE582129895537002A2C5C /* XCRemoteSwiftPackageReference "firebase-ios-sdk" */;
			productName = FirebaseFirestore;
		};
		AACE582629895537002A2C5C /* FirebaseFirestoreSwift */ = {
			isa = XCSwiftPackageProductDependency;
			package = AACE582129895537002A2C5C /* XCRemoteSwiftPackageReference "firebase-ios-sdk" */;
			productName = FirebaseFirestoreSwift;
		};
/* End XCSwiftPackageProductDependency section */
	};
	rootObject = AACE57F929884F91002A2C5C /* Project object */;
}
